// !$*UTF8*$!
{
	archiveVersion = 1;
	classes = {
	};
	objectVersion = 46;
	objects = {

/* Begin PBXBuildFile section */
		46B04D40188AA7E800805BE1 /* CustomFadeTransition.m in Sources */ = {isa = PBXBuildFile; fileRef = 46B04D3A188AA7E800805BE1 /* CustomFadeTransition.m */; };
		46B04D41188AA7E800805BE1 /* LogoViewController.m in Sources */ = {isa = PBXBuildFile; fileRef = 46B04D3D188AA7E800805BE1 /* LogoViewController.m */; };
		46B04D46188AAEDC00805BE1 /* LevelViewController.m in Sources */ = {isa = PBXBuildFile; fileRef = 46B04D44188AAEDC00805BE1 /* LevelViewController.m */; };
		46B04D47188AAEDC00805BE1 /* LevelViewController.xib in Resources */ = {isa = PBXBuildFile; fileRef = 46B04D45188AAEDC00805BE1 /* LevelViewController.xib */; };
		46B04D4A188AB10700805BE1 /* WorldsViewController.m in Sources */ = {isa = PBXBuildFile; fileRef = 46B04D49188AB10700805BE1 /* WorldsViewController.m */; };
		46B04D4D188ACB4B00805BE1 /* GameViewController.m in Sources */ = {isa = PBXBuildFile; fileRef = 46B04D4C188ACB4B00805BE1 /* GameViewController.m */; };
		46BAB4E6188AE9B700C5518F /* level_02.xml in Resources */ = {isa = PBXBuildFile; fileRef = 46BAB4E5188AE9B700C5518F /* level_02.xml */; };
		46BAB4E9188AFFD200C5518F /* GoalNode.m in Sources */ = {isa = PBXBuildFile; fileRef = 46BAB4E8188AFFD200C5518F /* GoalNode.m */; };
		B580DF66188AB77D00C48433 /* level_-1.xml in Resources */ = {isa = PBXBuildFile; fileRef = B580DF65188AB77D00C48433 /* level_-1.xml */; };
		BE12D6EA188A3099009937C9 /* LevelXmlWriter.m in Sources */ = {isa = PBXBuildFile; fileRef = BE12D6E9188A3099009937C9 /* LevelXmlWriter.m */; };
		BE12D6EC188AB07C009937C9 /* level_00.xml in Resources */ = {isa = PBXBuildFile; fileRef = BE12D6EB188AB07C009937C9 /* level_00.xml */; };
		BE12D6EE188AC403009937C9 /* AVFoundation.framework in Frameworks */ = {isa = PBXBuildFile; fileRef = BE12D6ED188AC403009937C9 /* AVFoundation.framework */; };
		BE12D6F6188AC499009937C9 /* Level Complete.mp3 in Resources */ = {isa = PBXBuildFile; fileRef = BE12D6EF188AC499009937C9 /* Level Complete.mp3 */; };
		BE12D6F7188AC499009937C9 /* MainMenuWithIntro.mp3 in Resources */ = {isa = PBXBuildFile; fileRef = BE12D6F0188AC499009937C9 /* MainMenuWithIntro.mp3 */; };
		BE12D6F8188AC499009937C9 /* MainMenuNoIntro.mp3 in Resources */ = {isa = PBXBuildFile; fileRef = BE12D6F1188AC499009937C9 /* MainMenuNoIntro.mp3 */; };
		BE12D6F9188AC499009937C9 /* Press 1.wav in Resources */ = {isa = PBXBuildFile; fileRef = BE12D6F2188AC499009937C9 /* Press 1.wav */; };
		BE12D6FA188AC499009937C9 /* Press 2.wav in Resources */ = {isa = PBXBuildFile; fileRef = BE12D6F3188AC499009937C9 /* Press 2.wav */; };
		BE12D6FB188AC499009937C9 /* Press 3.wav in Resources */ = {isa = PBXBuildFile; fileRef = BE12D6F4188AC499009937C9 /* Press 3.wav */; };
		BE12D6FC188AC499009937C9 /* RomeBotLevel.mp3 in Resources */ = {isa = PBXBuildFile; fileRef = BE12D6F5188AC499009937C9 /* RomeBotLevel.mp3 */; };
		BE12D700188AEEC1009937C9 /* GameSounds.m in Sources */ = {isa = PBXBuildFile; fileRef = BE12D6FF188AEEC1009937C9 /* GameSounds.m */; };
		BE12D703188AFEE5009937C9 /* CannonNode.m in Sources */ = {isa = PBXBuildFile; fileRef = BE12D702188AFEE5009937C9 /* CannonNode.m */; };
		BE84813A1889DFFF009C21D2 /* Foundation.framework in Frameworks */ = {isa = PBXBuildFile; fileRef = BE8481391889DFFF009C21D2 /* Foundation.framework */; };
		BE84813C1889DFFF009C21D2 /* CoreGraphics.framework in Frameworks */ = {isa = PBXBuildFile; fileRef = BE84813B1889DFFF009C21D2 /* CoreGraphics.framework */; };
		BE84813E1889DFFF009C21D2 /* UIKit.framework in Frameworks */ = {isa = PBXBuildFile; fileRef = BE84813D1889DFFF009C21D2 /* UIKit.framework */; };
		BE8481401889DFFF009C21D2 /* SpriteKit.framework in Frameworks */ = {isa = PBXBuildFile; fileRef = BE84813F1889DFFF009C21D2 /* SpriteKit.framework */; };
		BE8481461889DFFF009C21D2 /* InfoPlist.strings in Resources */ = {isa = PBXBuildFile; fileRef = BE8481441889DFFF009C21D2 /* InfoPlist.strings */; };
		BE8481481889DFFF009C21D2 /* main.m in Sources */ = {isa = PBXBuildFile; fileRef = BE8481471889DFFF009C21D2 /* main.m */; };
		BE84814C1889DFFF009C21D2 /* AppDelegate.m in Sources */ = {isa = PBXBuildFile; fileRef = BE84814B1889DFFF009C21D2 /* AppDelegate.m */; };
		BE84814F1889DFFF009C21D2 /* Main.storyboard in Resources */ = {isa = PBXBuildFile; fileRef = BE84814D1889DFFF009C21D2 /* Main.storyboard */; };
		BE8481551889DFFF009C21D2 /* GameScene.m in Sources */ = {isa = PBXBuildFile; fileRef = BE8481541889DFFF009C21D2 /* GameScene.m */; };
		BE8481591889DFFF009C21D2 /* Images.xcassets in Resources */ = {isa = PBXBuildFile; fileRef = BE8481581889DFFF009C21D2 /* Images.xcassets */; };
		BE8481601889DFFF009C21D2 /* XCTest.framework in Frameworks */ = {isa = PBXBuildFile; fileRef = BE84815F1889DFFF009C21D2 /* XCTest.framework */; };
		BE8481611889DFFF009C21D2 /* Foundation.framework in Frameworks */ = {isa = PBXBuildFile; fileRef = BE8481391889DFFF009C21D2 /* Foundation.framework */; };
		BE8481621889DFFF009C21D2 /* UIKit.framework in Frameworks */ = {isa = PBXBuildFile; fileRef = BE84813D1889DFFF009C21D2 /* UIKit.framework */; };
		BE84816A1889DFFF009C21D2 /* InfoPlist.strings in Resources */ = {isa = PBXBuildFile; fileRef = BE8481681889DFFF009C21D2 /* InfoPlist.strings */; };
		BE84816C1889DFFF009C21D2 /* WhenAmITests.m in Sources */ = {isa = PBXBuildFile; fileRef = BE84816B1889DFFF009C21D2 /* WhenAmITests.m */; };
		BEDA80CE1889E203000D6023 /* GameSpriteNode.m in Sources */ = {isa = PBXBuildFile; fileRef = BEDA80CD1889E203000D6023 /* GameSpriteNode.m */; };
		BEDA80D11889E216000D6023 /* WorldItemNode.m in Sources */ = {isa = PBXBuildFile; fileRef = BEDA80D01889E216000D6023 /* WorldItemNode.m */; };
		BEDA80D41889E226000D6023 /* BallNode.m in Sources */ = {isa = PBXBuildFile; fileRef = BEDA80D31889E226000D6023 /* BallNode.m */; };
		BEDA80D71889E24D000D6023 /* PlankNode.m in Sources */ = {isa = PBXBuildFile; fileRef = BEDA80D61889E24D000D6023 /* PlankNode.m */; };
		BEDA80DA1889E263000D6023 /* CollectableNode.m in Sources */ = {isa = PBXBuildFile; fileRef = BEDA80D91889E263000D6023 /* CollectableNode.m */; };
		BEDA80DD1889E2AA000D6023 /* LevelXmlParser.m in Sources */ = {isa = PBXBuildFile; fileRef = BEDA80DC1889E2AA000D6023 /* LevelXmlParser.m */; };
		BEDA80DF1889E820000D6023 /* level_01.xml in Resources */ = {isa = PBXBuildFile; fileRef = BEDA80DE1889E820000D6023 /* level_01.xml */; };
		BEDA80E21889EBD8000D6023 /* WallNode.m in Sources */ = {isa = PBXBuildFile; fileRef = BEDA80E11889EBD8000D6023 /* WallNode.m */; };
		BEDA80E61889ED05000D6023 /* GamePlayer.m in Sources */ = {isa = PBXBuildFile; fileRef = BEDA80E51889ED05000D6023 /* GamePlayer.m */; };
/* End PBXBuildFile section */

/* Begin PBXContainerItemProxy section */
		BE8481631889DFFF009C21D2 /* PBXContainerItemProxy */ = {
			isa = PBXContainerItemProxy;
			containerPortal = BE84812E1889DFFF009C21D2 /* Project object */;
			proxyType = 1;
			remoteGlobalIDString = BE8481351889DFFF009C21D2;
			remoteInfo = WhenAmI;
		};
/* End PBXContainerItemProxy section */

/* Begin PBXFileReference section */
		46B04D39188AA7E800805BE1 /* CustomFadeTransition.h */ = {isa = PBXFileReference; fileEncoding = 4; lastKnownFileType = sourcecode.c.h; path = CustomFadeTransition.h; sourceTree = "<group>"; };
		46B04D3A188AA7E800805BE1 /* CustomFadeTransition.m */ = {isa = PBXFileReference; fileEncoding = 4; lastKnownFileType = sourcecode.c.objc; path = CustomFadeTransition.m; sourceTree = "<group>"; };
		46B04D3B188AA7E800805BE1 /* GameConstants.h */ = {isa = PBXFileReference; fileEncoding = 4; lastKnownFileType = sourcecode.c.h; path = GameConstants.h; sourceTree = "<group>"; };
		46B04D3C188AA7E800805BE1 /* LogoViewController.h */ = {isa = PBXFileReference; fileEncoding = 4; lastKnownFileType = sourcecode.c.h; path = LogoViewController.h; sourceTree = "<group>"; };
		46B04D3D188AA7E800805BE1 /* LogoViewController.m */ = {isa = PBXFileReference; fileEncoding = 4; lastKnownFileType = sourcecode.c.objc; path = LogoViewController.m; sourceTree = "<group>"; };
		46B04D43188AAEDC00805BE1 /* LevelViewController.h */ = {isa = PBXFileReference; fileEncoding = 4; lastKnownFileType = sourcecode.c.h; path = LevelViewController.h; sourceTree = "<group>"; };
		46B04D44188AAEDC00805BE1 /* LevelViewController.m */ = {isa = PBXFileReference; fileEncoding = 4; lastKnownFileType = sourcecode.c.objc; path = LevelViewController.m; sourceTree = "<group>"; };
		46B04D45188AAEDC00805BE1 /* LevelViewController.xib */ = {isa = PBXFileReference; fileEncoding = 4; lastKnownFileType = file.xib; path = LevelViewController.xib; sourceTree = "<group>"; };
		46B04D48188AB10700805BE1 /* WorldsViewController.h */ = {isa = PBXFileReference; fileEncoding = 4; lastKnownFileType = sourcecode.c.h; path = WorldsViewController.h; sourceTree = "<group>"; };
		46B04D49188AB10700805BE1 /* WorldsViewController.m */ = {isa = PBXFileReference; fileEncoding = 4; lastKnownFileType = sourcecode.c.objc; path = WorldsViewController.m; sourceTree = "<group>"; };
		46B04D4B188ACB4B00805BE1 /* GameViewController.h */ = {isa = PBXFileReference; fileEncoding = 4; lastKnownFileType = sourcecode.c.h; path = GameViewController.h; sourceTree = "<group>"; };
		46B04D4C188ACB4B00805BE1 /* GameViewController.m */ = {isa = PBXFileReference; fileEncoding = 4; lastKnownFileType = sourcecode.c.objc; path = GameViewController.m; sourceTree = "<group>"; };
		46BAB4E5188AE9B700C5518F /* level_02.xml */ = {isa = PBXFileReference; fileEncoding = 4; lastKnownFileType = text.xml; path = level_02.xml; sourceTree = "<group>"; };
		46BAB4E7188AFFD200C5518F /* GoalNode.h */ = {isa = PBXFileReference; fileEncoding = 4; lastKnownFileType = sourcecode.c.h; path = GoalNode.h; sourceTree = "<group>"; };
		46BAB4E8188AFFD200C5518F /* GoalNode.m */ = {isa = PBXFileReference; fileEncoding = 4; lastKnownFileType = sourcecode.c.objc; path = GoalNode.m; sourceTree = "<group>"; };
		B580DF65188AB77D00C48433 /* level_-1.xml */ = {isa = PBXFileReference; fileEncoding = 4; lastKnownFileType = text.xml; path = "level_-1.xml"; sourceTree = "<group>"; };
		BE12D6E7188A2BAD009937C9 /* LevelXmlConstants.h */ = {isa = PBXFileReference; lastKnownFileType = sourcecode.c.h; path = LevelXmlConstants.h; sourceTree = "<group>"; };
		BE12D6E8188A3099009937C9 /* LevelXmlWriter.h */ = {isa = PBXFileReference; fileEncoding = 4; lastKnownFileType = sourcecode.c.h; path = LevelXmlWriter.h; sourceTree = "<group>"; };
		BE12D6E9188A3099009937C9 /* LevelXmlWriter.m */ = {isa = PBXFileReference; fileEncoding = 4; lastKnownFileType = sourcecode.c.objc; path = LevelXmlWriter.m; sourceTree = "<group>"; };
		BE12D6EB188AB07C009937C9 /* level_00.xml */ = {isa = PBXFileReference; fileEncoding = 4; lastKnownFileType = text.xml; path = level_00.xml; sourceTree = "<group>"; };
		BE12D6ED188AC403009937C9 /* AVFoundation.framework */ = {isa = PBXFileReference; lastKnownFileType = wrapper.framework; name = AVFoundation.framework; path = System/Library/Frameworks/AVFoundation.framework; sourceTree = SDKROOT; };
		BE12D6EF188AC499009937C9 /* Level Complete.mp3 */ = {isa = PBXFileReference; lastKnownFileType = audio.mp3; name = "Level Complete.mp3"; path = "Resources/Sounds/Level Complete.mp3"; sourceTree = "<group>"; };
		BE12D6F0188AC499009937C9 /* MainMenuWithIntro.mp3 */ = {isa = PBXFileReference; lastKnownFileType = audio.mp3; name = MainMenuWithIntro.mp3; path = Resources/Sounds/MainMenuWithIntro.mp3; sourceTree = "<group>"; };
		BE12D6F1188AC499009937C9 /* MainMenuNoIntro.mp3 */ = {isa = PBXFileReference; lastKnownFileType = audio.mp3; name = MainMenuNoIntro.mp3; path = Resources/Sounds/MainMenuNoIntro.mp3; sourceTree = "<group>"; };
		BE12D6F2188AC499009937C9 /* Press 1.wav */ = {isa = PBXFileReference; lastKnownFileType = audio.wav; name = "Press 1.wav"; path = "Resources/Sounds/Press 1.wav"; sourceTree = "<group>"; };
		BE12D6F3188AC499009937C9 /* Press 2.wav */ = {isa = PBXFileReference; lastKnownFileType = audio.wav; name = "Press 2.wav"; path = "Resources/Sounds/Press 2.wav"; sourceTree = "<group>"; };
		BE12D6F4188AC499009937C9 /* Press 3.wav */ = {isa = PBXFileReference; lastKnownFileType = audio.wav; name = "Press 3.wav"; path = "Resources/Sounds/Press 3.wav"; sourceTree = "<group>"; };
		BE12D6F5188AC499009937C9 /* RomeBotLevel.mp3 */ = {isa = PBXFileReference; lastKnownFileType = audio.mp3; name = RomeBotLevel.mp3; path = Resources/Sounds/RomeBotLevel.mp3; sourceTree = "<group>"; };
		BE12D6FE188AEEC1009937C9 /* GameSounds.h */ = {isa = PBXFileReference; fileEncoding = 4; lastKnownFileType = sourcecode.c.h; path = GameSounds.h; sourceTree = "<group>"; };
		BE12D6FF188AEEC1009937C9 /* GameSounds.m */ = {isa = PBXFileReference; fileEncoding = 4; lastKnownFileType = sourcecode.c.objc; path = GameSounds.m; sourceTree = "<group>"; };
		BE12D701188AFEE5009937C9 /* CannonNode.h */ = {isa = PBXFileReference; fileEncoding = 4; lastKnownFileType = sourcecode.c.h; path = CannonNode.h; sourceTree = "<group>"; };
		BE12D702188AFEE5009937C9 /* CannonNode.m */ = {isa = PBXFileReference; fileEncoding = 4; lastKnownFileType = sourcecode.c.objc; path = CannonNode.m; sourceTree = "<group>"; };
		BE8481361889DFFF009C21D2 /* WhenAmI.app */ = {isa = PBXFileReference; explicitFileType = wrapper.application; includeInIndex = 0; path = WhenAmI.app; sourceTree = BUILT_PRODUCTS_DIR; };
		BE8481391889DFFF009C21D2 /* Foundation.framework */ = {isa = PBXFileReference; lastKnownFileType = wrapper.framework; name = Foundation.framework; path = System/Library/Frameworks/Foundation.framework; sourceTree = SDKROOT; };
		BE84813B1889DFFF009C21D2 /* CoreGraphics.framework */ = {isa = PBXFileReference; lastKnownFileType = wrapper.framework; name = CoreGraphics.framework; path = System/Library/Frameworks/CoreGraphics.framework; sourceTree = SDKROOT; };
		BE84813D1889DFFF009C21D2 /* UIKit.framework */ = {isa = PBXFileReference; lastKnownFileType = wrapper.framework; name = UIKit.framework; path = System/Library/Frameworks/UIKit.framework; sourceTree = SDKROOT; };
		BE84813F1889DFFF009C21D2 /* SpriteKit.framework */ = {isa = PBXFileReference; lastKnownFileType = wrapper.framework; name = SpriteKit.framework; path = System/Library/Frameworks/SpriteKit.framework; sourceTree = SDKROOT; };
		BE8481431889DFFF009C21D2 /* WhenAmI-Info.plist */ = {isa = PBXFileReference; lastKnownFileType = text.plist.xml; path = "WhenAmI-Info.plist"; sourceTree = "<group>"; };
		BE8481451889DFFF009C21D2 /* en */ = {isa = PBXFileReference; lastKnownFileType = text.plist.strings; name = en; path = en.lproj/InfoPlist.strings; sourceTree = "<group>"; };
		BE8481471889DFFF009C21D2 /* main.m */ = {isa = PBXFileReference; lastKnownFileType = sourcecode.c.objc; path = main.m; sourceTree = "<group>"; };
		BE8481491889DFFF009C21D2 /* WhenAmI-Prefix.pch */ = {isa = PBXFileReference; lastKnownFileType = sourcecode.c.h; path = "WhenAmI-Prefix.pch"; sourceTree = "<group>"; };
		BE84814A1889DFFF009C21D2 /* AppDelegate.h */ = {isa = PBXFileReference; lastKnownFileType = sourcecode.c.h; path = AppDelegate.h; sourceTree = "<group>"; };
		BE84814B1889DFFF009C21D2 /* AppDelegate.m */ = {isa = PBXFileReference; lastKnownFileType = sourcecode.c.objc; path = AppDelegate.m; sourceTree = "<group>"; };
		BE84814E1889DFFF009C21D2 /* Base */ = {isa = PBXFileReference; lastKnownFileType = file.storyboard; name = Base; path = Base.lproj/Main.storyboard; sourceTree = "<group>"; };
		BE8481531889DFFF009C21D2 /* GameScene.h */ = {isa = PBXFileReference; lastKnownFileType = sourcecode.c.h; path = GameScene.h; sourceTree = "<group>"; };
		BE8481541889DFFF009C21D2 /* GameScene.m */ = {isa = PBXFileReference; lastKnownFileType = sourcecode.c.objc; path = GameScene.m; sourceTree = "<group>"; };
		BE8481581889DFFF009C21D2 /* Images.xcassets */ = {isa = PBXFileReference; lastKnownFileType = folder.assetcatalog; path = Images.xcassets; sourceTree = "<group>"; };
		BE84815E1889DFFF009C21D2 /* WhenAmITests.xctest */ = {isa = PBXFileReference; explicitFileType = wrapper.cfbundle; includeInIndex = 0; path = WhenAmITests.xctest; sourceTree = BUILT_PRODUCTS_DIR; };
		BE84815F1889DFFF009C21D2 /* XCTest.framework */ = {isa = PBXFileReference; lastKnownFileType = wrapper.framework; name = XCTest.framework; path = Library/Frameworks/XCTest.framework; sourceTree = DEVELOPER_DIR; };
		BE8481671889DFFF009C21D2 /* WhenAmITests-Info.plist */ = {isa = PBXFileReference; lastKnownFileType = text.plist.xml; path = "WhenAmITests-Info.plist"; sourceTree = "<group>"; };
		BE8481691889DFFF009C21D2 /* en */ = {isa = PBXFileReference; lastKnownFileType = text.plist.strings; name = en; path = en.lproj/InfoPlist.strings; sourceTree = "<group>"; };
		BE84816B1889DFFF009C21D2 /* WhenAmITests.m */ = {isa = PBXFileReference; lastKnownFileType = sourcecode.c.objc; path = WhenAmITests.m; sourceTree = "<group>"; };
		BEDA80CC1889E203000D6023 /* GameSpriteNode.h */ = {isa = PBXFileReference; fileEncoding = 4; lastKnownFileType = sourcecode.c.h; path = GameSpriteNode.h; sourceTree = "<group>"; };
		BEDA80CD1889E203000D6023 /* GameSpriteNode.m */ = {isa = PBXFileReference; fileEncoding = 4; lastKnownFileType = sourcecode.c.objc; path = GameSpriteNode.m; sourceTree = "<group>"; };
		BEDA80CF1889E216000D6023 /* WorldItemNode.h */ = {isa = PBXFileReference; fileEncoding = 4; lastKnownFileType = sourcecode.c.h; path = WorldItemNode.h; sourceTree = "<group>"; };
		BEDA80D01889E216000D6023 /* WorldItemNode.m */ = {isa = PBXFileReference; fileEncoding = 4; lastKnownFileType = sourcecode.c.objc; path = WorldItemNode.m; sourceTree = "<group>"; };
		BEDA80D21889E226000D6023 /* BallNode.h */ = {isa = PBXFileReference; fileEncoding = 4; lastKnownFileType = sourcecode.c.h; path = BallNode.h; sourceTree = "<group>"; };
		BEDA80D31889E226000D6023 /* BallNode.m */ = {isa = PBXFileReference; fileEncoding = 4; lastKnownFileType = sourcecode.c.objc; path = BallNode.m; sourceTree = "<group>"; };
		BEDA80D51889E24D000D6023 /* PlankNode.h */ = {isa = PBXFileReference; fileEncoding = 4; lastKnownFileType = sourcecode.c.h; path = PlankNode.h; sourceTree = "<group>"; };
		BEDA80D61889E24D000D6023 /* PlankNode.m */ = {isa = PBXFileReference; fileEncoding = 4; lastKnownFileType = sourcecode.c.objc; path = PlankNode.m; sourceTree = "<group>"; };
		BEDA80D81889E263000D6023 /* CollectableNode.h */ = {isa = PBXFileReference; fileEncoding = 4; lastKnownFileType = sourcecode.c.h; path = CollectableNode.h; sourceTree = "<group>"; };
		BEDA80D91889E263000D6023 /* CollectableNode.m */ = {isa = PBXFileReference; fileEncoding = 4; lastKnownFileType = sourcecode.c.objc; path = CollectableNode.m; sourceTree = "<group>"; };
		BEDA80DB1889E2AA000D6023 /* LevelXmlParser.h */ = {isa = PBXFileReference; fileEncoding = 4; lastKnownFileType = sourcecode.c.h; path = LevelXmlParser.h; sourceTree = "<group>"; };
		BEDA80DC1889E2AA000D6023 /* LevelXmlParser.m */ = {isa = PBXFileReference; fileEncoding = 4; lastKnownFileType = sourcecode.c.objc; path = LevelXmlParser.m; sourceTree = "<group>"; };
		BEDA80DE1889E820000D6023 /* level_01.xml */ = {isa = PBXFileReference; fileEncoding = 4; lastKnownFileType = text.xml; path = level_01.xml; sourceTree = "<group>"; };
		BEDA80E01889EBD8000D6023 /* WallNode.h */ = {isa = PBXFileReference; fileEncoding = 4; lastKnownFileType = sourcecode.c.h; path = WallNode.h; sourceTree = "<group>"; };
		BEDA80E11889EBD8000D6023 /* WallNode.m */ = {isa = PBXFileReference; fileEncoding = 4; lastKnownFileType = sourcecode.c.objc; path = WallNode.m; sourceTree = "<group>"; };
		BEDA80E41889ED05000D6023 /* GamePlayer.h */ = {isa = PBXFileReference; fileEncoding = 4; lastKnownFileType = sourcecode.c.h; path = GamePlayer.h; sourceTree = "<group>"; };
		BEDA80E51889ED05000D6023 /* GamePlayer.m */ = {isa = PBXFileReference; fileEncoding = 4; lastKnownFileType = sourcecode.c.objc; path = GamePlayer.m; sourceTree = "<group>"; };
/* End PBXFileReference section */

/* Begin PBXFrameworksBuildPhase section */
		BE8481331889DFFF009C21D2 /* Frameworks */ = {
			isa = PBXFrameworksBuildPhase;
			buildActionMask = 2147483647;
			files = (
				BE12D6EE188AC403009937C9 /* AVFoundation.framework in Frameworks */,
				BE84813C1889DFFF009C21D2 /* CoreGraphics.framework in Frameworks */,
				BE84813E1889DFFF009C21D2 /* UIKit.framework in Frameworks */,
				BE8481401889DFFF009C21D2 /* SpriteKit.framework in Frameworks */,
				BE84813A1889DFFF009C21D2 /* Foundation.framework in Frameworks */,
			);
			runOnlyForDeploymentPostprocessing = 0;
		};
		BE84815B1889DFFF009C21D2 /* Frameworks */ = {
			isa = PBXFrameworksBuildPhase;
			buildActionMask = 2147483647;
			files = (
				BE8481601889DFFF009C21D2 /* XCTest.framework in Frameworks */,
				BE8481621889DFFF009C21D2 /* UIKit.framework in Frameworks */,
				BE8481611889DFFF009C21D2 /* Foundation.framework in Frameworks */,
			);
			runOnlyForDeploymentPostprocessing = 0;
		};
/* End PBXFrameworksBuildPhase section */

/* Begin PBXGroup section */
		BE12D6FD188AD578009937C9 /* Controllers */ = {
			isa = PBXGroup;
			children = (
				46B04D4B188ACB4B00805BE1 /* GameViewController.h */,
				46B04D4C188ACB4B00805BE1 /* GameViewController.m */,
				46B04D39188AA7E800805BE1 /* CustomFadeTransition.h */,
				46B04D3A188AA7E800805BE1 /* CustomFadeTransition.m */,
				46B04D3C188AA7E800805BE1 /* LogoViewController.h */,
				46B04D3D188AA7E800805BE1 /* LogoViewController.m */,
				46B04D43188AAEDC00805BE1 /* LevelViewController.h */,
				46B04D44188AAEDC00805BE1 /* LevelViewController.m */,
				46B04D48188AB10700805BE1 /* WorldsViewController.h */,
				46B04D49188AB10700805BE1 /* WorldsViewController.m */,
				46B04D45188AAEDC00805BE1 /* LevelViewController.xib */,
			);
			name = Controllers;
			sourceTree = "<group>";
		};
		BE84812D1889DFFF009C21D2 = {
			isa = PBXGroup;
			children = (
				BE8481411889DFFF009C21D2 /* WhenAmI */,
				BE8481651889DFFF009C21D2 /* WhenAmITests */,
				BE8481381889DFFF009C21D2 /* Frameworks */,
				BE8481371889DFFF009C21D2 /* Products */,
			);
			sourceTree = "<group>";
		};
		BE8481371889DFFF009C21D2 /* Products */ = {
			isa = PBXGroup;
			children = (
				BE8481361889DFFF009C21D2 /* WhenAmI.app */,
				BE84815E1889DFFF009C21D2 /* WhenAmITests.xctest */,
			);
			name = Products;
			sourceTree = "<group>";
		};
		BE8481381889DFFF009C21D2 /* Frameworks */ = {
			isa = PBXGroup;
			children = (
				BE12D6ED188AC403009937C9 /* AVFoundation.framework */,
				BE8481391889DFFF009C21D2 /* Foundation.framework */,
				BE84813B1889DFFF009C21D2 /* CoreGraphics.framework */,
				BE84813D1889DFFF009C21D2 /* UIKit.framework */,
				BE84813F1889DFFF009C21D2 /* SpriteKit.framework */,
				BE84815F1889DFFF009C21D2 /* XCTest.framework */,
			);
			name = Frameworks;
			sourceTree = "<group>";
		};
		BE8481411889DFFF009C21D2 /* WhenAmI */ = {
			isa = PBXGroup;
			children = (
				BE12D6FD188AD578009937C9 /* Controllers */,
				BEDA80C61889E106000D6023 /* Resources */,
				BEDA80CB1889E146000D6023 /* GameLevels */,
				BEDA80E31889EC98000D6023 /* GamePlayer */,
				BEDA80C91889E13B000D6023 /* GameScenes */,
				BEDA80CA1889E141000D6023 /* GameNodes */,
				46B04D3B188AA7E800805BE1 /* GameConstants.h */,
				BE84814A1889DFFF009C21D2 /* AppDelegate.h */,
				BE84814B1889DFFF009C21D2 /* AppDelegate.m */,
				BE84814D1889DFFF009C21D2 /* Main.storyboard */,
				BE8481581889DFFF009C21D2 /* Images.xcassets */,
				BE8481421889DFFF009C21D2 /* Supporting Files */,
			);
			path = WhenAmI;
			sourceTree = "<group>";
		};
		BE8481421889DFFF009C21D2 /* Supporting Files */ = {
			isa = PBXGroup;
			children = (
				BE8481431889DFFF009C21D2 /* WhenAmI-Info.plist */,
				BE8481441889DFFF009C21D2 /* InfoPlist.strings */,
				BE8481471889DFFF009C21D2 /* main.m */,
				BE8481491889DFFF009C21D2 /* WhenAmI-Prefix.pch */,
			);
			name = "Supporting Files";
			sourceTree = "<group>";
		};
		BE8481651889DFFF009C21D2 /* WhenAmITests */ = {
			isa = PBXGroup;
			children = (
				BE84816B1889DFFF009C21D2 /* WhenAmITests.m */,
				BE8481661889DFFF009C21D2 /* Supporting Files */,
			);
			path = WhenAmITests;
			sourceTree = "<group>";
		};
		BE8481661889DFFF009C21D2 /* Supporting Files */ = {
			isa = PBXGroup;
			children = (
				BE8481671889DFFF009C21D2 /* WhenAmITests-Info.plist */,
				BE8481681889DFFF009C21D2 /* InfoPlist.strings */,
			);
			name = "Supporting Files";
			sourceTree = "<group>";
		};
		BEDA80C61889E106000D6023 /* Resources */ = {
			isa = PBXGroup;
			children = (
				BEDA80C81889E114000D6023 /* Levels */,
				BEDA80C71889E10F000D6023 /* Sounds */,
			);
			name = Resources;
			sourceTree = "<group>";
		};
		BEDA80C71889E10F000D6023 /* Sounds */ = {
			isa = PBXGroup;
			children = (
				BE12D6EF188AC499009937C9 /* Level Complete.mp3 */,
				BE12D6F0188AC499009937C9 /* MainMenuWithIntro.mp3 */,
				BE12D6F1188AC499009937C9 /* MainMenuNoIntro.mp3 */,
				BE12D6F2188AC499009937C9 /* Press 1.wav */,
				BE12D6F3188AC499009937C9 /* Press 2.wav */,
				BE12D6F4188AC499009937C9 /* Press 3.wav */,
				BE12D6F5188AC499009937C9 /* RomeBotLevel.mp3 */,
			);
			name = Sounds;
			sourceTree = "<group>";
		};
		BEDA80C81889E114000D6023 /* Levels */ = {
			isa = PBXGroup;
			children = (
				B580DF65188AB77D00C48433 /* level_-1.xml */,
				BE12D6EB188AB07C009937C9 /* level_00.xml */,
				BEDA80DE1889E820000D6023 /* level_01.xml */,
				46BAB4E5188AE9B700C5518F /* level_02.xml */,
			);
			name = Levels;
			sourceTree = "<group>";
		};
		BEDA80C91889E13B000D6023 /* GameScenes */ = {
			isa = PBXGroup;
			children = (
				BE8481531889DFFF009C21D2 /* GameScene.h */,
				BE8481541889DFFF009C21D2 /* GameScene.m */,
			);
			name = GameScenes;
			sourceTree = "<group>";
		};
		BEDA80CA1889E141000D6023 /* GameNodes */ = {
			isa = PBXGroup;
			children = (
				BEDA80CC1889E203000D6023 /* GameSpriteNode.h */,
				BEDA80CD1889E203000D6023 /* GameSpriteNode.m */,
				BEDA80CF1889E216000D6023 /* WorldItemNode.h */,
				BEDA80D01889E216000D6023 /* WorldItemNode.m */,
				BEDA80D21889E226000D6023 /* BallNode.h */,
				BEDA80D31889E226000D6023 /* BallNode.m */,
				BEDA80D51889E24D000D6023 /* PlankNode.h */,
				BEDA80D61889E24D000D6023 /* PlankNode.m */,
				BEDA80D81889E263000D6023 /* CollectableNode.h */,
				BEDA80D91889E263000D6023 /* CollectableNode.m */,
				BEDA80E01889EBD8000D6023 /* WallNode.h */,
				BEDA80E11889EBD8000D6023 /* WallNode.m */,
				BE12D701188AFEE5009937C9 /* CannonNode.h */,
				BE12D702188AFEE5009937C9 /* CannonNode.m */,
				46BAB4E7188AFFD200C5518F /* GoalNode.h */,
				46BAB4E8188AFFD200C5518F /* GoalNode.m */,
			);
			name = GameNodes;
			sourceTree = "<group>";
		};
		BEDA80CB1889E146000D6023 /* GameLevels */ = {
			isa = PBXGroup;
			children = (
				BEDA80DB1889E2AA000D6023 /* LevelXmlParser.h */,
				BEDA80DC1889E2AA000D6023 /* LevelXmlParser.m */,
				BE12D6E7188A2BAD009937C9 /* LevelXmlConstants.h */,
				BE12D6E8188A3099009937C9 /* LevelXmlWriter.h */,
				BE12D6E9188A3099009937C9 /* LevelXmlWriter.m */,
			);
			name = GameLevels;
			sourceTree = "<group>";
		};
		BEDA80E31889EC98000D6023 /* GamePlayer */ = {
			isa = PBXGroup;
			children = (
				BEDA80E41889ED05000D6023 /* GamePlayer.h */,
				BEDA80E51889ED05000D6023 /* GamePlayer.m */,
				BE12D6FE188AEEC1009937C9 /* GameSounds.h */,
				BE12D6FF188AEEC1009937C9 /* GameSounds.m */,
			);
			name = GamePlayer;
			sourceTree = "<group>";
		};
/* End PBXGroup section */

/* Begin PBXNativeTarget section */
		BE8481351889DFFF009C21D2 /* WhenAmI */ = {
			isa = PBXNativeTarget;
			buildConfigurationList = BE84816F1889DFFF009C21D2 /* Build configuration list for PBXNativeTarget "WhenAmI" */;
			buildPhases = (
				BE8481321889DFFF009C21D2 /* Sources */,
				BE8481331889DFFF009C21D2 /* Frameworks */,
				BE8481341889DFFF009C21D2 /* Resources */,
			);
			buildRules = (
			);
			dependencies = (
			);
			name = WhenAmI;
			productName = WhenAmI;
			productReference = BE8481361889DFFF009C21D2 /* WhenAmI.app */;
			productType = "com.apple.product-type.application";
		};
		BE84815D1889DFFF009C21D2 /* WhenAmITests */ = {
			isa = PBXNativeTarget;
			buildConfigurationList = BE8481721889DFFF009C21D2 /* Build configuration list for PBXNativeTarget "WhenAmITests" */;
			buildPhases = (
				BE84815A1889DFFF009C21D2 /* Sources */,
				BE84815B1889DFFF009C21D2 /* Frameworks */,
				BE84815C1889DFFF009C21D2 /* Resources */,
			);
			buildRules = (
			);
			dependencies = (
				BE8481641889DFFF009C21D2 /* PBXTargetDependency */,
			);
			name = WhenAmITests;
			productName = WhenAmITests;
			productReference = BE84815E1889DFFF009C21D2 /* WhenAmITests.xctest */;
			productType = "com.apple.product-type.bundle.unit-test";
		};
/* End PBXNativeTarget section */

/* Begin PBXProject section */
		BE84812E1889DFFF009C21D2 /* Project object */ = {
			isa = PBXProject;
			attributes = {
				LastUpgradeCheck = 0500;
				ORGANIZATIONNAME = "Chicken Waffle";
				TargetAttributes = {
					BE84815D1889DFFF009C21D2 = {
						TestTargetID = BE8481351889DFFF009C21D2;
					};
				};
			};
			buildConfigurationList = BE8481311889DFFF009C21D2 /* Build configuration list for PBXProject "WhenAmI" */;
			compatibilityVersion = "Xcode 3.2";
			developmentRegion = English;
			hasScannedForEncodings = 0;
			knownRegions = (
				en,
				Base,
			);
			mainGroup = BE84812D1889DFFF009C21D2;
			productRefGroup = BE8481371889DFFF009C21D2 /* Products */;
			projectDirPath = "";
			projectRoot = "";
			targets = (
				BE8481351889DFFF009C21D2 /* WhenAmI */,
				BE84815D1889DFFF009C21D2 /* WhenAmITests */,
			);
		};
/* End PBXProject section */

/* Begin PBXResourcesBuildPhase section */
		BE8481341889DFFF009C21D2 /* Resources */ = {
			isa = PBXResourcesBuildPhase;
			buildActionMask = 2147483647;
			files = (
				46BAB4E6188AE9B700C5518F /* level_02.xml in Resources */,
				B580DF66188AB77D00C48433 /* level_-1.xml in Resources */,
				BE12D6F9188AC499009937C9 /* Press 1.wav in Resources */,
				BE12D6FC188AC499009937C9 /* RomeBotLevel.mp3 in Resources */,
				BE12D6EC188AB07C009937C9 /* level_00.xml in Resources */,
				BE12D6F6188AC499009937C9 /* Level Complete.mp3 in Resources */,
				BE12D6F8188AC499009937C9 /* MainMenuNoIntro.mp3 in Resources */,
				BE8481461889DFFF009C21D2 /* InfoPlist.strings in Resources */,
				46B04D47188AAEDC00805BE1 /* LevelViewController.xib in Resources */,
				BE8481591889DFFF009C21D2 /* Images.xcassets in Resources */,
				BE12D6FA188AC499009937C9 /* Press 2.wav in Resources */,
				BE84814F1889DFFF009C21D2 /* Main.storyboard in Resources */,
				BE12D6F7188AC499009937C9 /* MainMenuWithIntro.mp3 in Resources */,
				BEDA80DF1889E820000D6023 /* level_01.xml in Resources */,
				BE12D6FB188AC499009937C9 /* Press 3.wav in Resources */,
			);
			runOnlyForDeploymentPostprocessing = 0;
		};
		BE84815C1889DFFF009C21D2 /* Resources */ = {
			isa = PBXResourcesBuildPhase;
			buildActionMask = 2147483647;
			files = (
				BE84816A1889DFFF009C21D2 /* InfoPlist.strings in Resources */,
			);
			runOnlyForDeploymentPostprocessing = 0;
		};
/* End PBXResourcesBuildPhase section */

/* Begin PBXSourcesBuildPhase section */
		BE8481321889DFFF009C21D2 /* Sources */ = {
			isa = PBXSourcesBuildPhase;
			buildActionMask = 2147483647;
			files = (
				BE8481551889DFFF009C21D2 /* GameScene.m in Sources */,
				BEDA80E61889ED05000D6023 /* GamePlayer.m in Sources */,
				BE12D6EA188A3099009937C9 /* LevelXmlWriter.m in Sources */,
				BEDA80E21889EBD8000D6023 /* WallNode.m in Sources */,
				BEDA80D71889E24D000D6023 /* PlankNode.m in Sources */,
				BE12D703188AFEE5009937C9 /* CannonNode.m in Sources */,
				BE12D700188AEEC1009937C9 /* GameSounds.m in Sources */,
				46B04D41188AA7E800805BE1 /* LogoViewController.m in Sources */,
				BEDA80DA1889E263000D6023 /* CollectableNode.m in Sources */,
				BE84814C1889DFFF009C21D2 /* AppDelegate.m in Sources */,
				46B04D4D188ACB4B00805BE1 /* GameViewController.m in Sources */,
				BE8481481889DFFF009C21D2 /* main.m in Sources */,
				BEDA80CE1889E203000D6023 /* GameSpriteNode.m in Sources */,
				BEDA80DD1889E2AA000D6023 /* LevelXmlParser.m in Sources */,
				46BAB4E9188AFFD200C5518F /* GoalNode.m in Sources */,
				46B04D4A188AB10700805BE1 /* WorldsViewController.m in Sources */,
				46B04D46188AAEDC00805BE1 /* LevelViewController.m in Sources */,
				BEDA80D41889E226000D6023 /* BallNode.m in Sources */,
				46B04D40188AA7E800805BE1 /* CustomFadeTransition.m in Sources */,
				BEDA80D11889E216000D6023 /* WorldItemNode.m in Sources */,
			);
			runOnlyForDeploymentPostprocessing = 0;
		};
		BE84815A1889DFFF009C21D2 /* Sources */ = {
			isa = PBXSourcesBuildPhase;
			buildActionMask = 2147483647;
			files = (
				BE84816C1889DFFF009C21D2 /* WhenAmITests.m in Sources */,
			);
			runOnlyForDeploymentPostprocessing = 0;
		};
/* End PBXSourcesBuildPhase section */

/* Begin PBXTargetDependency section */
		BE8481641889DFFF009C21D2 /* PBXTargetDependency */ = {
			isa = PBXTargetDependency;
			target = BE8481351889DFFF009C21D2 /* WhenAmI */;
			targetProxy = BE8481631889DFFF009C21D2 /* PBXContainerItemProxy */;
		};
/* End PBXTargetDependency section */

/* Begin PBXVariantGroup section */
		BE8481441889DFFF009C21D2 /* InfoPlist.strings */ = {
			isa = PBXVariantGroup;
			children = (
				BE8481451889DFFF009C21D2 /* en */,
			);
			name = InfoPlist.strings;
			sourceTree = "<group>";
		};
		BE84814D1889DFFF009C21D2 /* Main.storyboard */ = {
			isa = PBXVariantGroup;
			children = (
				BE84814E1889DFFF009C21D2 /* Base */,
			);
			name = Main.storyboard;
			sourceTree = "<group>";
		};
		BE8481681889DFFF009C21D2 /* InfoPlist.strings */ = {
			isa = PBXVariantGroup;
			children = (
				BE8481691889DFFF009C21D2 /* en */,
			);
			name = InfoPlist.strings;
			sourceTree = "<group>";
		};
/* End PBXVariantGroup section */

/* Begin XCBuildConfiguration section */
		BE84816D1889DFFF009C21D2 /* Debug */ = {
			isa = XCBuildConfiguration;
			buildSettings = {
				ALWAYS_SEARCH_USER_PATHS = NO;
				ARCHS = "$(ARCHS_STANDARD_INCLUDING_64_BIT)";
				CLANG_CXX_LANGUAGE_STANDARD = "gnu++0x";
				CLANG_CXX_LIBRARY = "libc++";
				CLANG_ENABLE_MODULES = YES;
				CLANG_ENABLE_OBJC_ARC = YES;
				CLANG_WARN_BOOL_CONVERSION = YES;
				CLANG_WARN_CONSTANT_CONVERSION = YES;
				CLANG_WARN_DIRECT_OBJC_ISA_USAGE = YES_ERROR;
				CLANG_WARN_EMPTY_BODY = YES;
				CLANG_WARN_ENUM_CONVERSION = YES;
				CLANG_WARN_INT_CONVERSION = YES;
				CLANG_WARN_OBJC_ROOT_CLASS = YES_ERROR;
				CLANG_WARN__DUPLICATE_METHOD_MATCH = YES;
				"CODE_SIGN_IDENTITY[sdk=iphoneos*]" = "iPhone Developer";
				COPY_PHASE_STRIP = NO;
				GCC_C_LANGUAGE_STANDARD = gnu99;
				GCC_DYNAMIC_NO_PIC = NO;
				GCC_OPTIMIZATION_LEVEL = 0;
				GCC_PREPROCESSOR_DEFINITIONS = (
					"DEBUG=1",
					"$(inherited)",
				);
				GCC_SYMBOLS_PRIVATE_EXTERN = NO;
				GCC_WARN_64_TO_32_BIT_CONVERSION = YES;
				GCC_WARN_ABOUT_RETURN_TYPE = YES_ERROR;
				GCC_WARN_UNDECLARED_SELECTOR = YES;
				GCC_WARN_UNINITIALIZED_AUTOS = YES;
				GCC_WARN_UNUSED_FUNCTION = YES;
				GCC_WARN_UNUSED_VARIABLE = YES;
				IPHONEOS_DEPLOYMENT_TARGET = 7.0;
				ONLY_ACTIVE_ARCH = YES;
				SDKROOT = iphoneos;
			};
			name = Debug;
		};
		BE84816E1889DFFF009C21D2 /* Release */ = {
			isa = XCBuildConfiguration;
			buildSettings = {
				ALWAYS_SEARCH_USER_PATHS = NO;
				ARCHS = "$(ARCHS_STANDARD_INCLUDING_64_BIT)";
				CLANG_CXX_LANGUAGE_STANDARD = "gnu++0x";
				CLANG_CXX_LIBRARY = "libc++";
				CLANG_ENABLE_MODULES = YES;
				CLANG_ENABLE_OBJC_ARC = YES;
				CLANG_WARN_BOOL_CONVERSION = YES;
				CLANG_WARN_CONSTANT_CONVERSION = YES;
				CLANG_WARN_DIRECT_OBJC_ISA_USAGE = YES_ERROR;
				CLANG_WARN_EMPTY_BODY = YES;
				CLANG_WARN_ENUM_CONVERSION = YES;
				CLANG_WARN_INT_CONVERSION = YES;
				CLANG_WARN_OBJC_ROOT_CLASS = YES_ERROR;
				CLANG_WARN__DUPLICATE_METHOD_MATCH = YES;
				"CODE_SIGN_IDENTITY[sdk=iphoneos*]" = "iPhone Developer";
				COPY_PHASE_STRIP = YES;
				ENABLE_NS_ASSERTIONS = NO;
				GCC_C_LANGUAGE_STANDARD = gnu99;
				GCC_WARN_64_TO_32_BIT_CONVERSION = YES;
				GCC_WARN_ABOUT_RETURN_TYPE = YES_ERROR;
				GCC_WARN_UNDECLARED_SELECTOR = YES;
				GCC_WARN_UNINITIALIZED_AUTOS = YES;
				GCC_WARN_UNUSED_FUNCTION = YES;
				GCC_WARN_UNUSED_VARIABLE = YES;
				IPHONEOS_DEPLOYMENT_TARGET = 7.0;
				SDKROOT = iphoneos;
				VALIDATE_PRODUCT = YES;
			};
			name = Release;
		};
		BE8481701889DFFF009C21D2 /* Debug */ = {
			isa = XCBuildConfiguration;
			buildSettings = {
				ASSETCATALOG_COMPILER_APPICON_NAME = AppIcon;
				ASSETCATALOG_COMPILER_LAUNCHIMAGE_NAME = LaunchImage;
				GCC_PRECOMPILE_PREFIX_HEADER = YES;
				GCC_PREFIX_HEADER = "WhenAmI/WhenAmI-Prefix.pch";
				INFOPLIST_FILE = "WhenAmI/WhenAmI-Info.plist";
				PRODUCT_NAME = "$(TARGET_NAME)";
				SPRITEKIT_TEXTURE_ATLAS_OUTPUT = YES;
				WRAPPER_EXTENSION = app;
			};
			name = Debug;
		};
		BE8481711889DFFF009C21D2 /* Release */ = {
			isa = XCBuildConfiguration;
			buildSettings = {
				ASSETCATALOG_COMPILER_APPICON_NAME = AppIcon;
				ASSETCATALOG_COMPILER_LAUNCHIMAGE_NAME = LaunchImage;
				GCC_PRECOMPILE_PREFIX_HEADER = YES;
				GCC_PREFIX_HEADER = "WhenAmI/WhenAmI-Prefix.pch";
				INFOPLIST_FILE = "WhenAmI/WhenAmI-Info.plist";
				PRODUCT_NAME = "$(TARGET_NAME)";
				SPRITEKIT_TEXTURE_ATLAS_OUTPUT = YES;
				WRAPPER_EXTENSION = app;
			};
			name = Release;
		};
		BE8481731889DFFF009C21D2 /* Debug */ = {
			isa = XCBuildConfiguration;
			buildSettings = {
				ARCHS = "$(ARCHS_STANDARD_INCLUDING_64_BIT)";
				BUNDLE_LOADER = "$(BUILT_PRODUCTS_DIR)/WhenAmI.app/WhenAmI";
				FRAMEWORK_SEARCH_PATHS = (
					"$(SDKROOT)/Developer/Library/Frameworks",
					"$(inherited)",
					"$(DEVELOPER_FRAMEWORKS_DIR)",
				);
				GCC_PRECOMPILE_PREFIX_HEADER = YES;
				GCC_PREFIX_HEADER = "WhenAmI/WhenAmI-Prefix.pch";
				GCC_PREPROCESSOR_DEFINITIONS = (
					"DEBUG=1",
					"$(inherited)",
				);
				INFOPLIST_FILE = "WhenAmITests/WhenAmITests-Info.plist";
				PRODUCT_NAME = "$(TARGET_NAME)";
				TEST_HOST = "$(BUNDLE_LOADER)";
				WRAPPER_EXTENSION = xctest;
			};
			name = Debug;
		};
		BE8481741889DFFF009C21D2 /* Release */ = {
			isa = XCBuildConfiguration;
			buildSettings = {
				ARCHS = "$(ARCHS_STANDARD_INCLUDING_64_BIT)";
				BUNDLE_LOADER = "$(BUILT_PRODUCTS_DIR)/WhenAmI.app/WhenAmI";
				FRAMEWORK_SEARCH_PATHS = (
					"$(SDKROOT)/Developer/Library/Frameworks",
					"$(inherited)",
					"$(DEVELOPER_FRAMEWORKS_DIR)",
				);
				GCC_PRECOMPILE_PREFIX_HEADER = YES;
				GCC_PREFIX_HEADER = "WhenAmI/WhenAmI-Prefix.pch";
				INFOPLIST_FILE = "WhenAmITests/WhenAmITests-Info.plist";
				PRODUCT_NAME = "$(TARGET_NAME)";
				TEST_HOST = "$(BUNDLE_LOADER)";
				WRAPPER_EXTENSION = xctest;
			};
			name = Release;
		};
/* End XCBuildConfiguration section */

/* Begin XCConfigurationList section */
		BE8481311889DFFF009C21D2 /* Build configuration list for PBXProject "WhenAmI" */ = {
			isa = XCConfigurationList;
			buildConfigurations = (
				BE84816D1889DFFF009C21D2 /* Debug */,
				BE84816E1889DFFF009C21D2 /* Release */,
			);
			defaultConfigurationIsVisible = 0;
			defaultConfigurationName = Release;
		};
		BE84816F1889DFFF009C21D2 /* Build configuration list for PBXNativeTarget "WhenAmI" */ = {
			isa = XCConfigurationList;
			buildConfigurations = (
				BE8481701889DFFF009C21D2 /* Debug */,
				BE8481711889DFFF009C21D2 /* Release */,
			);
			defaultConfigurationIsVisible = 0;
			defaultConfigurationName = Release;
		};
		BE8481721889DFFF009C21D2 /* Build configuration list for PBXNativeTarget "WhenAmITests" */ = {
			isa = XCConfigurationList;
			buildConfigurations = (
				BE8481731889DFFF009C21D2 /* Debug */,
				BE8481741889DFFF009C21D2 /* Release */,
			);
			defaultConfigurationIsVisible = 0;
			defaultConfigurationName = Release;
		};
/* End XCConfigurationList section */
	};
	rootObject = BE84812E1889DFFF009C21D2 /* Project object */;
}
